Microsoft Visual Studio Solution File, Format Version 12.00
# Visual Studio 2012
Project("{FAE04EC0-301F-11D3-BF4B-00C04F79EFBC}") = "FPS Game", "FPS Game.csproj", "{31216239-B2E6-46D4-AEF1-FDF2B5197784}"
EndProject
Global
	GlobalSection(SolutionConfigurationPlatforms) = preSolution
	Debug|Any CPU = Debug|Any CPU
	ExportDebug|Any CPU = ExportDebug|Any CPU
	ExportRelease|Any CPU = ExportRelease|Any CPU
	EndGlobalSection
	GlobalSection(ProjectConfigurationPlatforms) = postSolution
		{31216239-B2E6-46D4-AEF1-FDF2B5197784}.Debug|Any CPU.ActiveCfg = Debug|Any CPU
		{31216239-B2E6-46D4-AEF1-FDF2B5197784}.Debug|Any CPU.Build.0 = Debug|Any CPU
		{31216239-B2E6-46D4-AEF1-FDF2B5197784}.ExportDebug|Any CPU.ActiveCfg = ExportDebug|Any CPU
		{31216239-B2E6-46D4-AEF1-FDF2B5197784}.ExportDebug|Any CPU.Build.0 = ExportDebug|Any CPU
		{31216239-B2E6-46D4-AEF1-FDF2B5197784}.ExportRelease|Any CPU.ActiveCfg = ExportRelease|Any CPU
		{31216239-B2E6-46D4-AEF1-FDF2B5197784}.ExportRelease|Any CPU.Build.0 = ExportRelease|Any CPU
	EndGlobalSection
EndGlobal
